
Microsoft Visual Studio Solution File, Format Version 12.00
# Visual Studio Version 17
VisualStudioVersion = 17.6.33723.286
MinimumVisualStudioVersion = 10.0.40219.1
Project("{FAE04EC0-301F-11D3-BF4B-00C04F79EFBC}") = "FixacaoEnum", "FixacaoEnum\FixacaoEnum.csproj", "{6C1E26ED-EAF8-4B99-9E20-2685EE752885}"
EndProject
Global
	GlobalSection(SolutionConfigurationPlatforms) = preSolution
		Debug|Any CPU = Debug|Any CPU
		Release|Any CPU = Release|Any CPU
	EndGlobalSection
	GlobalSection(ProjectConfigurationPlatforms) = postSolution
		{6C1E26ED-EAF8-4B99-9E20-2685EE752885}.Debug|Any CPU.ActiveCfg = Debug|Any CPU
		{6C1E26ED-EAF8-4B99-9E20-2685EE752885}.Debug|Any CPU.Build.0 = Debug|Any CPU
		{6C1E26ED-EAF8-4B99-9E20-2685EE752885}.Release|Any CPU.ActiveCfg = Release|Any CPU
		{6C1E26ED-EAF8-4B99-9E20-2685EE752885}.Release|Any CPU.Build.0 = Release|Any CPU
	EndGlobalSection
	GlobalSection(SolutionProperties) = preSolution
		HideSolutionNode = FALSE
	EndGlobalSection
	GlobalSection(ExtensibilityGlobals) = postSolution
		SolutionGuid = {E98FE746-D574-4B79-806D-D1E82C62E21A}
	EndGlobalSection
EndGlobal
